
Microsoft Visual Studio Solution File, Format Version 10.00
# Visual C++ Express 2008
Project("{8BC9CEB8-8B4A-11D0-8D11-00A0C91BC942}") = "mofConverter", "mofConverter.vcproj", "{F264B265-5B6D-4FB5-B400-DE597B96D420}"
EndProject
Global
	GlobalSection(SolutionConfigurationPlatforms) = preSolution
		Debug|Win32 = Debug|Win32
		Release|Win32 = Release|Win32
	EndGlobalSection
	GlobalSection(ProjectConfigurationPlatforms) = postSolution
		{F264B265-5B6D-4FB5-B400-DE597B96D420}.Debug|Win32.ActiveCfg = Debug|Win32
		{F264B265-5B6D-4FB5-B400-DE597B96D420}.Debug|Win32.Build.0 = Debug|Win32
		{F264B265-5B6D-4FB5-B400-DE597B96D420}.Release|Win32.ActiveCfg = Release|Win32
		{F264B265-5B6D-4FB5-B400-DE597B96D420}.Release|Win32.Build.0 = Release|Win32
	EndGlobalSection
	GlobalSection(SolutionProperties) = preSolution
		HideSolutionNode = FALSE
	EndGlobalSection
EndGlobal
